
Microsoft Visual Studio Solution File, Format Version 12.00
# Visual Studio Version 16
VisualStudioVersion = 16.0.30225.117
MinimumVisualStudioVersion = 10.0.40219.1
Project("{FAE04EC0-301F-11D3-BF4B-00C04F79EFBC}") = "MathCaptcha", "MathCaptcha\MathCaptcha.csproj", "{B5A1C013-E536-495B-BE3A-EE6E0C3E28DC}"
EndProject
Project("{FAE04EC0-301F-11D3-BF4B-00C04F79EFBC}") = "UiApp", "UiApp\UiApp.csproj", "{95092492-049A-4B37-BB29-44E47A1F5CCF}"
EndProject
Global
	GlobalSection(SolutionConfigurationPlatforms) = preSolution
		Debug|Any CPU = Debug|Any CPU
		Release|Any CPU = Release|Any CPU
	EndGlobalSection
	GlobalSection(ProjectConfigurationPlatforms) = postSolution
		{B5A1C013-E536-495B-BE3A-EE6E0C3E28DC}.Debug|Any CPU.ActiveCfg = Debug|Any CPU
		{B5A1C013-E536-495B-BE3A-EE6E0C3E28DC}.Debug|Any CPU.Build.0 = Debug|Any CPU
		{B5A1C013-E536-495B-BE3A-EE6E0C3E28DC}.Release|Any CPU.ActiveCfg = Release|Any CPU
		{B5A1C013-E536-495B-BE3A-EE6E0C3E28DC}.Release|Any CPU.Build.0 = Release|Any CPU
		{95092492-049A-4B37-BB29-44E47A1F5CCF}.Debug|Any CPU.ActiveCfg = Debug|Any CPU
		{95092492-049A-4B37-BB29-44E47A1F5CCF}.Debug|Any CPU.Build.0 = Debug|Any CPU
		{95092492-049A-4B37-BB29-44E47A1F5CCF}.Release|Any CPU.ActiveCfg = Release|Any CPU
		{95092492-049A-4B37-BB29-44E47A1F5CCF}.Release|Any CPU.Build.0 = Release|Any CPU
	EndGlobalSection
	GlobalSection(SolutionProperties) = preSolution
		HideSolutionNode = FALSE
	EndGlobalSection
	GlobalSection(ExtensibilityGlobals) = postSolution
		SolutionGuid = {F9FF270F-7645-4E8D-A64D-F609EA43D3EF}
	EndGlobalSection
EndGlobal
